// !$*UTF8*$!
{
	archiveVersion = 1;
	classes = {
	};
	objectVersion = 46;
	objects = {

/* Begin PBXBuildFile section */
		4CA6EC841E5F6FC800865EC1 /* FXBlurView.m in Sources */ = {isa = PBXBuildFile; fileRef = 4CA6EC831E5F6FC800865EC1 /* FXBlurView.m */; };
		598B435CBAD828D29AE71840 /* Pods_Graffiti.framework in Frameworks */ = {isa = PBXBuildFile; fileRef = 713DC8BD02EAC92DE23868C8 /* Pods_Graffiti.framework */; };
		6FCDE8E4BD77B03A8F9D7EF3 /* Pods_GraffitiUITests.framework in Frameworks */ = {isa = PBXBuildFile; fileRef = 1ABFD6572D47051DFF80F7CD /* Pods_GraffitiUITests.framework */; };
		73B16FB379DB7A340DB7C596 /* Pods_Graffiti_GraffitiTests.framework in Frameworks */ = {isa = PBXBuildFile; fileRef = 9191DEE2EC7B404737422033 /* Pods_Graffiti_GraffitiTests.framework */; };
		AD03CF721E4D5AB2003D3682 /* LocationService.swift in Sources */ = {isa = PBXBuildFile; fileRef = AD03CF711E4D5AB2003D3682 /* LocationService.swift */; };
		AD03CF761E4E4BB7003D3682 /* MockLocationManager.swift in Sources */ = {isa = PBXBuildFile; fileRef = AD03CF751E4E4BB7003D3682 /* MockLocationManager.swift */; };
		AD03CF781E4E4C91003D3682 /* LocationManagerProtocol.swift in Sources */ = {isa = PBXBuildFile; fileRef = AD03CF771E4E4C91003D3682 /* LocationManagerProtocol.swift */; };
		AD03CF791E4E4C91003D3682 /* LocationManagerProtocol.swift in Sources */ = {isa = PBXBuildFile; fileRef = AD03CF771E4E4C91003D3682 /* LocationManagerProtocol.swift */; };
		AD03CF7B1E4E4F92003D3682 /* LocationServiceTests.swift in Sources */ = {isa = PBXBuildFile; fileRef = AD03CF7A1E4E4F92003D3682 /* LocationServiceTests.swift */; };
		AD03CF7C1E4E6430003D3682 /* LocationService.swift in Sources */ = {isa = PBXBuildFile; fileRef = AD03CF711E4D5AB2003D3682 /* LocationService.swift */; };
		AD3E23451E5123A80022C882 /* FeedTableViewTextCell.swift in Sources */ = {isa = PBXBuildFile; fileRef = AD3E23441E5123A80022C882 /* FeedTableViewTextCell.swift */; };
		AD6935C21E552BFD00DE236C /* TimeAgo.swift in Sources */ = {isa = PBXBuildFile; fileRef = AD6935C11E552BFD00DE236C /* TimeAgo.swift */; };
		AD84BD311E4947330020505D /* AppDelegate.swift in Sources */ = {isa = PBXBuildFile; fileRef = AD84BD301E4947330020505D /* AppDelegate.swift */; };
		AD84BD361E4947330020505D /* Login.storyboard in Resources */ = {isa = PBXBuildFile; fileRef = AD84BD341E4947330020505D /* Login.storyboard */; };
		AD84BD381E4947330020505D /* Assets.xcassets in Resources */ = {isa = PBXBuildFile; fileRef = AD84BD371E4947330020505D /* Assets.xcassets */; };
		AD84BD3B1E4947330020505D /* LaunchScreen.storyboard in Resources */ = {isa = PBXBuildFile; fileRef = AD84BD391E4947330020505D /* LaunchScreen.storyboard */; };
		AD84BD511E4947330020505D /* GraffitiUITests.swift in Sources */ = {isa = PBXBuildFile; fileRef = AD84BD501E4947330020505D /* GraffitiUITests.swift */; };
		AD84BD5F1E4949260020505D /* FeedTableViewController.swift in Sources */ = {isa = PBXBuildFile; fileRef = AD84BD5E1E4949260020505D /* FeedTableViewController.swift */; };
		AD84BD611E49496D0020505D /* TextPostViewController.swift in Sources */ = {isa = PBXBuildFile; fileRef = AD84BD601E49496D0020505D /* TextPostViewController.swift */; };
		AD84BD631E4949860020505D /* ProfileViewController.swift in Sources */ = {isa = PBXBuildFile; fileRef = AD84BD621E4949860020505D /* ProfileViewController.swift */; };
		AD84BD661E494A020020505D /* TextPost.storyboard in Resources */ = {isa = PBXBuildFile; fileRef = AD84BD641E494A020020505D /* TextPost.storyboard */; };
		AD84BD681E494A170020505D /* UserProfile.storyboard in Resources */ = {isa = PBXBuildFile; fileRef = AD84BD671E494A170020505D /* UserProfile.storyboard */; };
		AD84BD6A1E494AB50020505D /* Feed.storyboard in Resources */ = {isa = PBXBuildFile; fileRef = AD84BD691E494AB50020505D /* Feed.storyboard */; };
		AD84BD711E494BD30020505D /* Main.storyboard in Resources */ = {isa = PBXBuildFile; fileRef = AD84BD6F1E494BD30020505D /* Main.storyboard */; };
		AD84BD731E494C320020505D /* LoginViewController.swift in Sources */ = {isa = PBXBuildFile; fileRef = AD84BD721E494C320020505D /* LoginViewController.swift */; };
		AD84BD761E4951D70020505D /* UserTests.swift in Sources */ = {isa = PBXBuildFile; fileRef = AD84BD751E4951D70020505D /* UserTests.swift */; };
		AD84BD7C1E4952CA0020505D /* ProfileViewControllerTests.swift in Sources */ = {isa = PBXBuildFile; fileRef = AD84BD7B1E4952CA0020505D /* ProfileViewControllerTests.swift */; };
		AD84BD7E1E4952FB0020505D /* TextPostViewControllerTests.swift in Sources */ = {isa = PBXBuildFile; fileRef = AD84BD7D1E4952FB0020505D /* TextPostViewControllerTests.swift */; };
		AD87E4541E5BB152007B6E12 /* ProfileHeaderCell.swift in Sources */ = {isa = PBXBuildFile; fileRef = AD87E4531E5BB152007B6E12 /* ProfileHeaderCell.swift */; };
		ADD7F76F1E551F8B009BADC1 /* EmptyFeedBackgroundView.swift in Sources */ = {isa = PBXBuildFile; fileRef = ADD7F76E1E551F8A009BADC1 /* EmptyFeedBackgroundView.swift */; };
		B33B07CC1E4AB6D2007025FB /* Post.swift in Sources */ = {isa = PBXBuildFile; fileRef = B33B07CB1E4AB6D2007025FB /* Post.swift */; };
		B33B07D01E4ACA8F007025FB /* User.swift in Sources */ = {isa = PBXBuildFile; fileRef = B33B07CF1E4ACA8F007025FB /* User.swift */; };
		B35620C31E4D396400F8CC9E /* PostTest.swift in Sources */ = {isa = PBXBuildFile; fileRef = B35620C21E4D396400F8CC9E /* PostTest.swift */; };
		D90D7A8C1E4E686700FB5AEE /* RequestProtocol.swift in Sources */ = {isa = PBXBuildFile; fileRef = D90D7A8B1E4E686700FB5AEE /* RequestProtocol.swift */; };
		D90D7A8D1E4E6ACE00FB5AEE /* RequestProtocol.swift in Sources */ = {isa = PBXBuildFile; fileRef = D90D7A8B1E4E686700FB5AEE /* RequestProtocol.swift */; };
		D90D7A8F1E4E6C5400FB5AEE /* MockRequest.swift in Sources */ = {isa = PBXBuildFile; fileRef = D90D7A8E1E4E6C5400FB5AEE /* MockRequest.swift */; };
		D9141CA61E58E5B000FA04D0 /* Vote.swift in Sources */ = {isa = PBXBuildFile; fileRef = D9DD58DE1E57A32600D9CB1D /* Vote.swift */; };
		D9141CA71E58E5B900FA04D0 /* UserTransform.swift in Sources */ = {isa = PBXBuildFile; fileRef = D9DD58E01E57AE3900D9CB1D /* UserTransform.swift */; };
		D9141CA91E58E71C00FA04D0 /* AuthProtocol.swift in Sources */ = {isa = PBXBuildFile; fileRef = D9141CA81E58E71C00FA04D0 /* AuthProtocol.swift */; };
		D9141CAA1E58E72200FA04D0 /* AuthProtocol.swift in Sources */ = {isa = PBXBuildFile; fileRef = D9141CA81E58E71C00FA04D0 /* AuthProtocol.swift */; };
		D9141CAC1E58E7F800FA04D0 /* MockAuth.swift in Sources */ = {isa = PBXBuildFile; fileRef = D9141CAB1E58E7F800FA04D0 /* MockAuth.swift */; };
		D99735A11E4E722F00DA5F29 /* ApiTests.swift in Sources */ = {isa = PBXBuildFile; fileRef = AD84BD771E4952330020505D /* ApiTests.swift */; };
		D99735A21E4E722F00DA5F29 /* FeedViewControllerTests.swift in Sources */ = {isa = PBXBuildFile; fileRef = AD84BD791E4952B20020505D /* FeedViewControllerTests.swift */; };
		D9B5FAEB1E54FF9300DF87B2 /* LocationTransform.swift in Sources */ = {isa = PBXBuildFile; fileRef = D9B5FAEA1E54FF9300DF87B2 /* LocationTransform.swift */; };
		D9B5FAEC1E552E2800DF87B2 /* LocationTransform.swift in Sources */ = {isa = PBXBuildFile; fileRef = D9B5FAEA1E54FF9300DF87B2 /* LocationTransform.swift */; };
		D9DD58DF1E57A32600D9CB1D /* Vote.swift in Sources */ = {isa = PBXBuildFile; fileRef = D9DD58DE1E57A32600D9CB1D /* Vote.swift */; };
		D9DD58E11E57AE3900D9CB1D /* UserTransform.swift in Sources */ = {isa = PBXBuildFile; fileRef = D9DD58E01E57AE3900D9CB1D /* UserTransform.swift */; };
		D9E63BA01E4D460900EE6C4B /* API.swift in Sources */ = {isa = PBXBuildFile; fileRef = D9E63B9F1E4D460900EE6C4B /* API.swift */; };
		D9E63BA21E4D496E00EE6C4B /* ManagerProtocol.swift in Sources */ = {isa = PBXBuildFile; fileRef = D9E63BA11E4D496E00EE6C4B /* ManagerProtocol.swift */; };
		D9E63BA51E4D555E00EE6C4B /* MockSessionManager.swift in Sources */ = {isa = PBXBuildFile; fileRef = D9E63BA41E4D555E00EE6C4B /* MockSessionManager.swift */; };
		D9E63BA61E4D633A00EE6C4B /* API.swift in Sources */ = {isa = PBXBuildFile; fileRef = D9E63B9F1E4D460900EE6C4B /* API.swift */; };
		D9E63BA71E4D639100EE6C4B /* ManagerProtocol.swift in Sources */ = {isa = PBXBuildFile; fileRef = D9E63BA11E4D496E00EE6C4B /* ManagerProtocol.swift */; };
		F71622BA1E5F9578009A4662 /* PostViewController.swift in Sources */ = {isa = PBXBuildFile; fileRef = F71622B91E5F9578009A4662 /* PostViewController.swift */; };
		F71622BC1E5F958E009A4662 /* PhotoPostViewController.swift in Sources */ = {isa = PBXBuildFile; fileRef = F71622BB1E5F958E009A4662 /* PhotoPostViewController.swift */; };
		F744D4131E4E77C300C42677 /* GoogleService-Info.plist in Resources */ = {isa = PBXBuildFile; fileRef = F744D4121E4E77C300C42677 /* GoogleService-Info.plist */; };
		F744D4141E4E842600C42677 /* Post.swift in Sources */ = {isa = PBXBuildFile; fileRef = B33B07CB1E4AB6D2007025FB /* Post.swift */; };
		F744D4151E4E860400C42677 /* User.swift in Sources */ = {isa = PBXBuildFile; fileRef = B33B07CF1E4ACA8F007025FB /* User.swift */; };
/* End PBXBuildFile section */

/* Begin PBXContainerItemProxy section */
		AD84BD421E4947330020505D /* PBXContainerItemProxy */ = {
			isa = PBXContainerItemProxy;
			containerPortal = AD84BD251E4947330020505D /* Project object */;
			proxyType = 1;
			remoteGlobalIDString = AD84BD2C1E4947330020505D;
			remoteInfo = Graffiti;
		};
		AD84BD4D1E4947330020505D /* PBXContainerItemProxy */ = {
			isa = PBXContainerItemProxy;
			containerPortal = AD84BD251E4947330020505D /* Project object */;
			proxyType = 1;
			remoteGlobalIDString = AD84BD2C1E4947330020505D;
			remoteInfo = Graffiti;
		};
/* End PBXContainerItemProxy section */

/* Begin PBXFileReference section */
		0A8894365BAFDF25351179FA /* Pods-GraffitiTests.release.xcconfig */ = {isa = PBXFileReference; includeInIndex = 1; lastKnownFileType = text.xcconfig; name = "Pods-GraffitiTests.release.xcconfig"; path = "Pods/Target Support Files/Pods-GraffitiTests/Pods-GraffitiTests.release.xcconfig"; sourceTree = "<group>"; };
		1ABFD6572D47051DFF80F7CD /* Pods_GraffitiUITests.framework */ = {isa = PBXFileReference; explicitFileType = wrapper.framework; includeInIndex = 0; path = Pods_GraffitiUITests.framework; sourceTree = BUILT_PRODUCTS_DIR; };
		49AA21F62EF3FDFA9DD4607E /* Pods-GraffitiTests.debug.xcconfig */ = {isa = PBXFileReference; includeInIndex = 1; lastKnownFileType = text.xcconfig; name = "Pods-GraffitiTests.debug.xcconfig"; path = "Pods/Target Support Files/Pods-GraffitiTests/Pods-GraffitiTests.debug.xcconfig"; sourceTree = "<group>"; };
		4CA6EC821E5F6FC800865EC1 /* FXBlurView.h */ = {isa = PBXFileReference; fileEncoding = 4; lastKnownFileType = sourcecode.c.h; path = FXBlurView.h; sourceTree = "<group>"; };
		4CA6EC831E5F6FC800865EC1 /* FXBlurView.m */ = {isa = PBXFileReference; fileEncoding = 4; lastKnownFileType = sourcecode.c.objc; path = FXBlurView.m; sourceTree = "<group>"; };
		6672CC941A4504DECB751DAE /* Pods-Graffiti.release.xcconfig */ = {isa = PBXFileReference; includeInIndex = 1; lastKnownFileType = text.xcconfig; name = "Pods-Graffiti.release.xcconfig"; path = "Pods/Target Support Files/Pods-Graffiti/Pods-Graffiti.release.xcconfig"; sourceTree = "<group>"; };
		713DC8BD02EAC92DE23868C8 /* Pods_Graffiti.framework */ = {isa = PBXFileReference; explicitFileType = wrapper.framework; includeInIndex = 0; path = Pods_Graffiti.framework; sourceTree = BUILT_PRODUCTS_DIR; };
		7A8D950DFCFCDB465E06D7E9 /* Pods-Graffiti.debug.xcconfig */ = {isa = PBXFileReference; includeInIndex = 1; lastKnownFileType = text.xcconfig; name = "Pods-Graffiti.debug.xcconfig"; path = "Pods/Target Support Files/Pods-Graffiti/Pods-Graffiti.debug.xcconfig"; sourceTree = "<group>"; };
		8F280E8407B8FD52B58979CD /* Pods-GraffitiUITests.debug.xcconfig */ = {isa = PBXFileReference; includeInIndex = 1; lastKnownFileType = text.xcconfig; name = "Pods-GraffitiUITests.debug.xcconfig"; path = "Pods/Target Support Files/Pods-GraffitiUITests/Pods-GraffitiUITests.debug.xcconfig"; sourceTree = "<group>"; };
		9191DEE2EC7B404737422033 /* Pods_Graffiti_GraffitiTests.framework */ = {isa = PBXFileReference; explicitFileType = wrapper.framework; includeInIndex = 0; path = Pods_Graffiti_GraffitiTests.framework; sourceTree = BUILT_PRODUCTS_DIR; };
		AD03CF711E4D5AB2003D3682 /* LocationService.swift */ = {isa = PBXFileReference; fileEncoding = 4; lastKnownFileType = sourcecode.swift; path = LocationService.swift; sourceTree = "<group>"; };
		AD03CF751E4E4BB7003D3682 /* MockLocationManager.swift */ = {isa = PBXFileReference; fileEncoding = 4; lastKnownFileType = sourcecode.swift; path = MockLocationManager.swift; sourceTree = "<group>"; };
		AD03CF771E4E4C91003D3682 /* LocationManagerProtocol.swift */ = {isa = PBXFileReference; fileEncoding = 4; lastKnownFileType = sourcecode.swift; path = LocationManagerProtocol.swift; sourceTree = "<group>"; };
		AD03CF7A1E4E4F92003D3682 /* LocationServiceTests.swift */ = {isa = PBXFileReference; fileEncoding = 4; lastKnownFileType = sourcecode.swift; path = LocationServiceTests.swift; sourceTree = "<group>"; };
		AD3E23441E5123A80022C882 /* FeedTableViewTextCell.swift */ = {isa = PBXFileReference; fileEncoding = 4; lastKnownFileType = sourcecode.swift; path = FeedTableViewTextCell.swift; sourceTree = "<group>"; };
		AD6935C11E552BFD00DE236C /* TimeAgo.swift */ = {isa = PBXFileReference; fileEncoding = 4; lastKnownFileType = sourcecode.swift; path = TimeAgo.swift; sourceTree = "<group>"; };
		AD84BD2D1E4947330020505D /* Graffiti.app */ = {isa = PBXFileReference; explicitFileType = wrapper.application; includeInIndex = 0; path = Graffiti.app; sourceTree = BUILT_PRODUCTS_DIR; };
		AD84BD301E4947330020505D /* AppDelegate.swift */ = {isa = PBXFileReference; lastKnownFileType = sourcecode.swift; path = AppDelegate.swift; sourceTree = "<group>"; };
		AD84BD351E4947330020505D /* Base */ = {isa = PBXFileReference; lastKnownFileType = file.storyboard; name = Base; path = Base.lproj/Login.storyboard; sourceTree = "<group>"; };
		AD84BD371E4947330020505D /* Assets.xcassets */ = {isa = PBXFileReference; lastKnownFileType = folder.assetcatalog; path = Assets.xcassets; sourceTree = "<group>"; };
		AD84BD3A1E4947330020505D /* Base */ = {isa = PBXFileReference; lastKnownFileType = file.storyboard; name = Base; path = Base.lproj/LaunchScreen.storyboard; sourceTree = "<group>"; };
		AD84BD3C1E4947330020505D /* Info.plist */ = {isa = PBXFileReference; lastKnownFileType = text.plist.xml; path = Info.plist; sourceTree = "<group>"; };
		AD84BD411E4947330020505D /* GraffitiTests.xctest */ = {isa = PBXFileReference; explicitFileType = wrapper.cfbundle; includeInIndex = 0; path = GraffitiTests.xctest; sourceTree = BUILT_PRODUCTS_DIR; };
		AD84BD471E4947330020505D /* Info.plist */ = {isa = PBXFileReference; lastKnownFileType = text.plist.xml; path = Info.plist; sourceTree = "<group>"; };
		AD84BD4C1E4947330020505D /* GraffitiUITests.xctest */ = {isa = PBXFileReference; explicitFileType = wrapper.cfbundle; includeInIndex = 0; path = GraffitiUITests.xctest; sourceTree = BUILT_PRODUCTS_DIR; };
		AD84BD501E4947330020505D /* GraffitiUITests.swift */ = {isa = PBXFileReference; lastKnownFileType = sourcecode.swift; path = GraffitiUITests.swift; sourceTree = "<group>"; };
		AD84BD521E4947330020505D /* Info.plist */ = {isa = PBXFileReference; lastKnownFileType = text.plist.xml; path = Info.plist; sourceTree = "<group>"; };
		AD84BD5E1E4949260020505D /* FeedTableViewController.swift */ = {isa = PBXFileReference; fileEncoding = 4; lastKnownFileType = sourcecode.swift; path = FeedTableViewController.swift; sourceTree = "<group>"; };
		AD84BD601E49496D0020505D /* TextPostViewController.swift */ = {isa = PBXFileReference; fileEncoding = 4; lastKnownFileType = sourcecode.swift; path = TextPostViewController.swift; sourceTree = "<group>"; };
		AD84BD621E4949860020505D /* ProfileViewController.swift */ = {isa = PBXFileReference; fileEncoding = 4; lastKnownFileType = sourcecode.swift; path = ProfileViewController.swift; sourceTree = "<group>"; };
		AD84BD651E494A020020505D /* Base */ = {isa = PBXFileReference; lastKnownFileType = file.storyboard; name = Base; path = Base.lproj/TextPost.storyboard; sourceTree = "<group>"; };
		AD84BD671E494A170020505D /* UserProfile.storyboard */ = {isa = PBXFileReference; fileEncoding = 4; lastKnownFileType = file.storyboard; path = UserProfile.storyboard; sourceTree = "<group>"; };
		AD84BD691E494AB50020505D /* Feed.storyboard */ = {isa = PBXFileReference; fileEncoding = 4; lastKnownFileType = file.storyboard; path = Feed.storyboard; sourceTree = "<group>"; };
		AD84BD701E494BD30020505D /* Base */ = {isa = PBXFileReference; lastKnownFileType = file.storyboard; name = Base; path = Base.lproj/Main.storyboard; sourceTree = "<group>"; };
		AD84BD721E494C320020505D /* LoginViewController.swift */ = {isa = PBXFileReference; fileEncoding = 4; lastKnownFileType = sourcecode.swift; path = LoginViewController.swift; sourceTree = "<group>"; };
		AD84BD751E4951D70020505D /* UserTests.swift */ = {isa = PBXFileReference; fileEncoding = 4; lastKnownFileType = sourcecode.swift; path = UserTests.swift; sourceTree = "<group>"; };
		AD84BD771E4952330020505D /* ApiTests.swift */ = {isa = PBXFileReference; fileEncoding = 4; lastKnownFileType = sourcecode.swift; path = ApiTests.swift; sourceTree = "<group>"; };
		AD84BD791E4952B20020505D /* FeedViewControllerTests.swift */ = {isa = PBXFileReference; fileEncoding = 4; lastKnownFileType = sourcecode.swift; path = FeedViewControllerTests.swift; sourceTree = "<group>"; };
		AD84BD7B1E4952CA0020505D /* ProfileViewControllerTests.swift */ = {isa = PBXFileReference; fileEncoding = 4; lastKnownFileType = sourcecode.swift; path = ProfileViewControllerTests.swift; sourceTree = "<group>"; };
		AD84BD7D1E4952FB0020505D /* TextPostViewControllerTests.swift */ = {isa = PBXFileReference; fileEncoding = 4; lastKnownFileType = sourcecode.swift; path = TextPostViewControllerTests.swift; sourceTree = "<group>"; };
		AD87E4531E5BB152007B6E12 /* ProfileHeaderCell.swift */ = {isa = PBXFileReference; fileEncoding = 4; lastKnownFileType = sourcecode.swift; path = ProfileHeaderCell.swift; sourceTree = "<group>"; };
		ADA147E95DA84165A40FB7DE /* Pods-GraffitiUITests.release.xcconfig */ = {isa = PBXFileReference; includeInIndex = 1; lastKnownFileType = text.xcconfig; name = "Pods-GraffitiUITests.release.xcconfig"; path = "Pods/Target Support Files/Pods-GraffitiUITests/Pods-GraffitiUITests.release.xcconfig"; sourceTree = "<group>"; };
		ADD7F76E1E551F8A009BADC1 /* EmptyFeedBackgroundView.swift */ = {isa = PBXFileReference; fileEncoding = 4; lastKnownFileType = sourcecode.swift; path = EmptyFeedBackgroundView.swift; sourceTree = "<group>"; };
		B33B07CB1E4AB6D2007025FB /* Post.swift */ = {isa = PBXFileReference; fileEncoding = 4; lastKnownFileType = sourcecode.swift; path = Post.swift; sourceTree = "<group>"; };
		B33B07CF1E4ACA8F007025FB /* User.swift */ = {isa = PBXFileReference; fileEncoding = 4; lastKnownFileType = sourcecode.swift; path = User.swift; sourceTree = "<group>"; };
		B35620C21E4D396400F8CC9E /* PostTest.swift */ = {isa = PBXFileReference; fileEncoding = 4; lastKnownFileType = sourcecode.swift; path = PostTest.swift; sourceTree = "<group>"; };
		BBE62083E99F119D724F35F1 /* Pods-Graffiti-GraffitiTests.debug.xcconfig */ = {isa = PBXFileReference; includeInIndex = 1; lastKnownFileType = text.xcconfig; name = "Pods-Graffiti-GraffitiTests.debug.xcconfig"; path = "Pods/Target Support Files/Pods-Graffiti-GraffitiTests/Pods-Graffiti-GraffitiTests.debug.xcconfig"; sourceTree = "<group>"; };
		C80D2887D5FB884EC3F7D8C2 /* Pods-Graffiti-GraffitiTests.release.xcconfig */ = {isa = PBXFileReference; includeInIndex = 1; lastKnownFileType = text.xcconfig; name = "Pods-Graffiti-GraffitiTests.release.xcconfig"; path = "Pods/Target Support Files/Pods-Graffiti-GraffitiTests/Pods-Graffiti-GraffitiTests.release.xcconfig"; sourceTree = "<group>"; };
		D90D7A8B1E4E686700FB5AEE /* RequestProtocol.swift */ = {isa = PBXFileReference; fileEncoding = 4; lastKnownFileType = sourcecode.swift; path = RequestProtocol.swift; sourceTree = "<group>"; };
		D90D7A8E1E4E6C5400FB5AEE /* MockRequest.swift */ = {isa = PBXFileReference; fileEncoding = 4; lastKnownFileType = sourcecode.swift; path = MockRequest.swift; sourceTree = "<group>"; };
		D9141CA81E58E71C00FA04D0 /* AuthProtocol.swift */ = {isa = PBXFileReference; fileEncoding = 4; lastKnownFileType = sourcecode.swift; path = AuthProtocol.swift; sourceTree = "<group>"; };
		D9141CAB1E58E7F800FA04D0 /* MockAuth.swift */ = {isa = PBXFileReference; fileEncoding = 4; lastKnownFileType = sourcecode.swift; path = MockAuth.swift; sourceTree = "<group>"; };
		D9B5FAEA1E54FF9300DF87B2 /* LocationTransform.swift */ = {isa = PBXFileReference; fileEncoding = 4; lastKnownFileType = sourcecode.swift; path = LocationTransform.swift; sourceTree = "<group>"; };
		D9C7CE431E58D36500B7F3AA /* GraffitiTests-Bridging-Header.h */ = {isa = PBXFileReference; lastKnownFileType = sourcecode.c.h; path = "GraffitiTests-Bridging-Header.h"; sourceTree = "<group>"; };
		D9DD58DE1E57A32600D9CB1D /* Vote.swift */ = {isa = PBXFileReference; fileEncoding = 4; lastKnownFileType = sourcecode.swift; path = Vote.swift; sourceTree = "<group>"; };
		D9DD58E01E57AE3900D9CB1D /* UserTransform.swift */ = {isa = PBXFileReference; fileEncoding = 4; lastKnownFileType = sourcecode.swift; path = UserTransform.swift; sourceTree = "<group>"; };
		D9E63B9F1E4D460900EE6C4B /* API.swift */ = {isa = PBXFileReference; fileEncoding = 4; lastKnownFileType = sourcecode.swift; path = API.swift; sourceTree = "<group>"; };
		D9E63BA11E4D496E00EE6C4B /* ManagerProtocol.swift */ = {isa = PBXFileReference; fileEncoding = 4; lastKnownFileType = sourcecode.swift; path = ManagerProtocol.swift; sourceTree = "<group>"; };
		D9E63BA41E4D555E00EE6C4B /* MockSessionManager.swift */ = {isa = PBXFileReference; fileEncoding = 4; lastKnownFileType = sourcecode.swift; path = MockSessionManager.swift; sourceTree = "<group>"; };
		F71622B91E5F9578009A4662 /* PostViewController.swift */ = {isa = PBXFileReference; fileEncoding = 4; lastKnownFileType = sourcecode.swift; path = PostViewController.swift; sourceTree = "<group>"; };
		F71622BB1E5F958E009A4662 /* PhotoPostViewController.swift */ = {isa = PBXFileReference; fileEncoding = 4; lastKnownFileType = sourcecode.swift; path = PhotoPostViewController.swift; sourceTree = "<group>"; };
		F744D4121E4E77C300C42677 /* GoogleService-Info.plist */ = {isa = PBXFileReference; fileEncoding = 4; lastKnownFileType = text.plist.xml; path = "GoogleService-Info.plist"; sourceTree = "<group>"; };
		F7B0C1121E4AD29E00ED031B /* Graffiti-Bridging-Header.h */ = {isa = PBXFileReference; lastKnownFileType = sourcecode.c.h; path = "Graffiti-Bridging-Header.h"; sourceTree = "<group>"; };
/* End PBXFileReference section */

/* Begin PBXFrameworksBuildPhase section */
		AD84BD2A1E4947330020505D /* Frameworks */ = {
			isa = PBXFrameworksBuildPhase;
			buildActionMask = 2147483647;
			files = (
				598B435CBAD828D29AE71840 /* Pods_Graffiti.framework in Frameworks */,
			);
			runOnlyForDeploymentPostprocessing = 0;
		};
		AD84BD3E1E4947330020505D /* Frameworks */ = {
			isa = PBXFrameworksBuildPhase;
			buildActionMask = 2147483647;
			files = (
				73B16FB379DB7A340DB7C596 /* Pods_Graffiti_GraffitiTests.framework in Frameworks */,
			);
			runOnlyForDeploymentPostprocessing = 0;
		};
		AD84BD491E4947330020505D /* Frameworks */ = {
			isa = PBXFrameworksBuildPhase;
			buildActionMask = 2147483647;
			files = (
				6FCDE8E4BD77B03A8F9D7EF3 /* Pods_GraffitiUITests.framework in Frameworks */,
			);
			runOnlyForDeploymentPostprocessing = 0;
		};
/* End PBXFrameworksBuildPhase section */

/* Begin PBXGroup section */
		5D197A0A817A1639A0729DA5 /* Pods */ = {
			isa = PBXGroup;
			children = (
				7A8D950DFCFCDB465E06D7E9 /* Pods-Graffiti.debug.xcconfig */,
				6672CC941A4504DECB751DAE /* Pods-Graffiti.release.xcconfig */,
				49AA21F62EF3FDFA9DD4607E /* Pods-GraffitiTests.debug.xcconfig */,
				0A8894365BAFDF25351179FA /* Pods-GraffitiTests.release.xcconfig */,
				8F280E8407B8FD52B58979CD /* Pods-GraffitiUITests.debug.xcconfig */,
				ADA147E95DA84165A40FB7DE /* Pods-GraffitiUITests.release.xcconfig */,
				BBE62083E99F119D724F35F1 /* Pods-Graffiti-GraffitiTests.debug.xcconfig */,
				C80D2887D5FB884EC3F7D8C2 /* Pods-Graffiti-GraffitiTests.release.xcconfig */,
			);
			name = Pods;
			sourceTree = "<group>";
		};
		AD03CF701E4D59B1003D3682 /* Location */ = {
			isa = PBXGroup;
			children = (
				AD03CF711E4D5AB2003D3682 /* LocationService.swift */,
				AD03CF771E4E4C91003D3682 /* LocationManagerProtocol.swift */,
				D9B5FAEA1E54FF9300DF87B2 /* LocationTransform.swift */,
			);
			name = Location;
			sourceTree = "<group>";
		};
		AD84BD241E4947330020505D = {
			isa = PBXGroup;
			children = (
				AD84BD2F1E4947330020505D /* Graffiti */,
				AD84BD441E4947330020505D /* GraffitiTests */,
				AD84BD4F1E4947330020505D /* GraffitiUITests */,
				AD84BD2E1E4947330020505D /* Products */,
				5D197A0A817A1639A0729DA5 /* Pods */,
				F178C92EFF743464C75BFAE3 /* Frameworks */,
			);
			sourceTree = "<group>";
		};
		AD84BD2E1E4947330020505D /* Products */ = {
			isa = PBXGroup;
			children = (
				AD84BD2D1E4947330020505D /* Graffiti.app */,
				AD84BD411E4947330020505D /* GraffitiTests.xctest */,
				AD84BD4C1E4947330020505D /* GraffitiUITests.xctest */,
			);
			name = Products;
			sourceTree = "<group>";
		};
		AD84BD2F1E4947330020505D /* Graffiti */ = {
			isa = PBXGroup;
			children = (
				D9E63B9E1E4D45CD00EE6C4B /* API */,
				AD03CF701E4D59B1003D3682 /* Location */,
				AD84BD6C1E494B430020505D /* Feed */,
				AD84BD741E494C3D0020505D /* Login */,
				AD84BD6E1E494B840020505D /* Profile */,
				AD84BD6D1E494B5D0020505D /* Post */,
				AD84BD3C1E4947330020505D /* Info.plist */,
				AD84BD6F1E494BD30020505D /* Main.storyboard */,
				AD84BD391E4947330020505D /* LaunchScreen.storyboard */,
				AD84BD301E4947330020505D /* AppDelegate.swift */,
				4CA6EC821E5F6FC800865EC1 /* FXBlurView.h */,
				4CA6EC831E5F6FC800865EC1 /* FXBlurView.m */,
				AD84BD371E4947330020505D /* Assets.xcassets */,
				F744D4121E4E77C300C42677 /* GoogleService-Info.plist */,
				F7B0C1121E4AD29E00ED031B /* Graffiti-Bridging-Header.h */,
			);
			path = Graffiti;
			sourceTree = "<group>";
		};
		AD84BD441E4947330020505D /* GraffitiTests */ = {
			isa = PBXGroup;
			children = (
				D9E63BA31E4D554500EE6C4B /* Mocks */,
				AD84BD471E4947330020505D /* Info.plist */,
				AD84BD751E4951D70020505D /* UserTests.swift */,
				AD84BD771E4952330020505D /* ApiTests.swift */,
				AD84BD791E4952B20020505D /* FeedViewControllerTests.swift */,
				D9C7CE431E58D36500B7F3AA /* GraffitiTests-Bridging-Header.h */,
				AD84BD7B1E4952CA0020505D /* ProfileViewControllerTests.swift */,
				AD84BD7D1E4952FB0020505D /* TextPostViewControllerTests.swift */,
				B35620C21E4D396400F8CC9E /* PostTest.swift */,
				AD03CF7A1E4E4F92003D3682 /* LocationServiceTests.swift */,
			);
			path = GraffitiTests;
			sourceTree = "<group>";
		};
		AD84BD4F1E4947330020505D /* GraffitiUITests */ = {
			isa = PBXGroup;
			children = (
				AD84BD501E4947330020505D /* GraffitiUITests.swift */,
				AD84BD521E4947330020505D /* Info.plist */,
			);
			path = GraffitiUITests;
			sourceTree = "<group>";
		};
		AD84BD6C1E494B430020505D /* Feed */ = {
			isa = PBXGroup;
			children = (
				AD84BD5E1E4949260020505D /* FeedTableViewController.swift */,
				AD6935C11E552BFD00DE236C /* TimeAgo.swift */,
				ADD7F76E1E551F8A009BADC1 /* EmptyFeedBackgroundView.swift */,
				AD84BD691E494AB50020505D /* Feed.storyboard */,
				AD3E23441E5123A80022C882 /* FeedTableViewTextCell.swift */,
			);
			name = Feed;
			sourceTree = "<group>";
		};
		AD84BD6D1E494B5D0020505D /* Post */ = {
			isa = PBXGroup;
			children = (
				AD84BD641E494A020020505D /* TextPost.storyboard */,
				AD84BD601E49496D0020505D /* TextPostViewController.swift */,
				B33B07CB1E4AB6D2007025FB /* Post.swift */,
				D9DD58DE1E57A32600D9CB1D /* Vote.swift */,
				F71622B91E5F9578009A4662 /* PostViewController.swift */,
				F71622BB1E5F958E009A4662 /* PhotoPostViewController.swift */,
			);
			name = Post;
			sourceTree = "<group>";
		};
		AD84BD6E1E494B840020505D /* Profile */ = {
			isa = PBXGroup;
			children = (
				AD84BD671E494A170020505D /* UserProfile.storyboard */,
				AD84BD621E4949860020505D /* ProfileViewController.swift */,
				B33B07CF1E4ACA8F007025FB /* User.swift */,
				D9DD58E01E57AE3900D9CB1D /* UserTransform.swift */,
				AD87E4531E5BB152007B6E12 /* ProfileHeaderCell.swift */,
			);
			name = Profile;
			sourceTree = "<group>";
		};
		AD84BD741E494C3D0020505D /* Login */ = {
			isa = PBXGroup;
			children = (
				AD84BD341E4947330020505D /* Login.storyboard */,
				AD84BD721E494C320020505D /* LoginViewController.swift */,
			);
			name = Login;
			sourceTree = "<group>";
		};
		D9E63B9E1E4D45CD00EE6C4B /* API */ = {
			isa = PBXGroup;
			children = (
				D9E63B9F1E4D460900EE6C4B /* API.swift */,
				D9E63BA11E4D496E00EE6C4B /* ManagerProtocol.swift */,
				D90D7A8B1E4E686700FB5AEE /* RequestProtocol.swift */,
				D9141CA81E58E71C00FA04D0 /* AuthProtocol.swift */,
			);
			name = API;
			sourceTree = "<group>";
		};
		D9E63BA31E4D554500EE6C4B /* Mocks */ = {
			isa = PBXGroup;
			children = (
				AD03CF751E4E4BB7003D3682 /* MockLocationManager.swift */,
				D9E63BA41E4D555E00EE6C4B /* MockSessionManager.swift */,
				D90D7A8E1E4E6C5400FB5AEE /* MockRequest.swift */,
				D9141CAB1E58E7F800FA04D0 /* MockAuth.swift */,
			);
			name = Mocks;
			sourceTree = "<group>";
		};
		F178C92EFF743464C75BFAE3 /* Frameworks */ = {
			isa = PBXGroup;
			children = (
				713DC8BD02EAC92DE23868C8 /* Pods_Graffiti.framework */,
				1ABFD6572D47051DFF80F7CD /* Pods_GraffitiUITests.framework */,
				9191DEE2EC7B404737422033 /* Pods_Graffiti_GraffitiTests.framework */,
			);
			name = Frameworks;
			sourceTree = "<group>";
		};
/* End PBXGroup section */

/* Begin PBXNativeTarget section */
		AD84BD2C1E4947330020505D /* Graffiti */ = {
			isa = PBXNativeTarget;
			buildConfigurationList = AD84BD551E4947330020505D /* Build configuration list for PBXNativeTarget "Graffiti" */;
			buildPhases = (
				05A6836C472E78DFC5D090CA /* [CP] Check Pods Manifest.lock */,
				AD84BD291E4947330020505D /* Sources */,
				AD84BD2A1E4947330020505D /* Frameworks */,
				AD84BD2B1E4947330020505D /* Resources */,
				D8F68AB7D2A636B261D99798 /* [CP] Embed Pods Frameworks */,
				D8E0AC6DD773F09F12B05CCD /* [CP] Copy Pods Resources */,
			);
			buildRules = (
			);
			dependencies = (
			);
			name = Graffiti;
			productName = Graffiti;
			productReference = AD84BD2D1E4947330020505D /* Graffiti.app */;
			productType = "com.apple.product-type.application";
		};
		AD84BD401E4947330020505D /* GraffitiTests */ = {
			isa = PBXNativeTarget;
			buildConfigurationList = AD84BD581E4947330020505D /* Build configuration list for PBXNativeTarget "GraffitiTests" */;
			buildPhases = (
				494107EFFFDC54E9CDF9752C /* [CP] Check Pods Manifest.lock */,
				AD84BD3D1E4947330020505D /* Sources */,
				AD84BD3E1E4947330020505D /* Frameworks */,
				AD84BD3F1E4947330020505D /* Resources */,
				048E0683BD4AE6BAF5730C74 /* [CP] Embed Pods Frameworks */,
				AA00BCBB50E8F178680B891F /* [CP] Copy Pods Resources */,
			);
			buildRules = (
			);
			dependencies = (
				AD84BD431E4947330020505D /* PBXTargetDependency */,
			);
			name = GraffitiTests;
			productName = GraffitiTests;
			productReference = AD84BD411E4947330020505D /* GraffitiTests.xctest */;
			productType = "com.apple.product-type.bundle.unit-test";
		};
		AD84BD4B1E4947330020505D /* GraffitiUITests */ = {
			isa = PBXNativeTarget;
			buildConfigurationList = AD84BD5B1E4947330020505D /* Build configuration list for PBXNativeTarget "GraffitiUITests" */;
			buildPhases = (
				83A149F1914889E279D6AC3C /* [CP] Check Pods Manifest.lock */,
				AD84BD481E4947330020505D /* Sources */,
				AD84BD491E4947330020505D /* Frameworks */,
				AD84BD4A1E4947330020505D /* Resources */,
				B4FB242B591D701F1B87DA5C /* [CP] Embed Pods Frameworks */,
				ECDADCA60AADECEF2671BE83 /* [CP] Copy Pods Resources */,
			);
			buildRules = (
			);
			dependencies = (
				AD84BD4E1E4947330020505D /* PBXTargetDependency */,
			);
			name = GraffitiUITests;
			productName = GraffitiUITests;
			productReference = AD84BD4C1E4947330020505D /* GraffitiUITests.xctest */;
			productType = "com.apple.product-type.bundle.ui-testing";
		};
/* End PBXNativeTarget section */

/* Begin PBXProject section */
		AD84BD251E4947330020505D /* Project object */ = {
			isa = PBXProject;
			attributes = {
				LastSwiftUpdateCheck = 0820;
				LastUpgradeCheck = 0820;
				ORGANIZATIONNAME = "Amanda Aizuss";
				TargetAttributes = {
					AD84BD2C1E4947330020505D = {
						CreatedOnToolsVersion = 8.2.1;
						DevelopmentTeam = ME42ZMKGYY;
						LastSwiftMigration = 0820;
						ProvisioningStyle = Automatic;
					};
					AD84BD401E4947330020505D = {
						CreatedOnToolsVersion = 8.2.1;
						LastSwiftMigration = 0820;
						ProvisioningStyle = Automatic;
						TestTargetID = AD84BD2C1E4947330020505D;
					};
					AD84BD4B1E4947330020505D = {
						CreatedOnToolsVersion = 8.2.1;
						ProvisioningStyle = Automatic;
						TestTargetID = AD84BD2C1E4947330020505D;
					};
				};
			};
			buildConfigurationList = AD84BD281E4947330020505D /* Build configuration list for PBXProject "Graffiti" */;
			compatibilityVersion = "Xcode 3.2";
			developmentRegion = English;
			hasScannedForEncodings = 0;
			knownRegions = (
				en,
				Base,
			);
			mainGroup = AD84BD241E4947330020505D;
			productRefGroup = AD84BD2E1E4947330020505D /* Products */;
			projectDirPath = "";
			projectRoot = "";
			targets = (
				AD84BD2C1E4947330020505D /* Graffiti */,
				AD84BD401E4947330020505D /* GraffitiTests */,
				AD84BD4B1E4947330020505D /* GraffitiUITests */,
			);
		};
/* End PBXProject section */

/* Begin PBXResourcesBuildPhase section */
		AD84BD2B1E4947330020505D /* Resources */ = {
			isa = PBXResourcesBuildPhase;
			buildActionMask = 2147483647;
			files = (
				AD84BD3B1E4947330020505D /* LaunchScreen.storyboard in Resources */,
				F744D4131E4E77C300C42677 /* GoogleService-Info.plist in Resources */,
				AD84BD661E494A020020505D /* TextPost.storyboard in Resources */,
				AD84BD6A1E494AB50020505D /* Feed.storyboard in Resources */,
				AD84BD381E4947330020505D /* Assets.xcassets in Resources */,
				AD84BD361E4947330020505D /* Login.storyboard in Resources */,
				AD84BD711E494BD30020505D /* Main.storyboard in Resources */,
				AD84BD681E494A170020505D /* UserProfile.storyboard in Resources */,
			);
			runOnlyForDeploymentPostprocessing = 0;
		};
		AD84BD3F1E4947330020505D /* Resources */ = {
			isa = PBXResourcesBuildPhase;
			buildActionMask = 2147483647;
			files = (
			);
			runOnlyForDeploymentPostprocessing = 0;
		};
		AD84BD4A1E4947330020505D /* Resources */ = {
			isa = PBXResourcesBuildPhase;
			buildActionMask = 2147483647;
			files = (
			);
			runOnlyForDeploymentPostprocessing = 0;
		};
/* End PBXResourcesBuildPhase section */

/* Begin PBXShellScriptBuildPhase section */
		048E0683BD4AE6BAF5730C74 /* [CP] Embed Pods Frameworks */ = {
			isa = PBXShellScriptBuildPhase;
			buildActionMask = 2147483647;
			files = (
			);
			inputPaths = (
			);
			name = "[CP] Embed Pods Frameworks";
			outputPaths = (
			);
			runOnlyForDeploymentPostprocessing = 0;
			shellPath = /bin/sh;
			shellScript = "\"${SRCROOT}/Pods/Target Support Files/Pods-Graffiti-GraffitiTests/Pods-Graffiti-GraffitiTests-frameworks.sh\"\n";
			showEnvVarsInLog = 0;
		};
		05A6836C472E78DFC5D090CA /* [CP] Check Pods Manifest.lock */ = {
			isa = PBXShellScriptBuildPhase;
			buildActionMask = 2147483647;
			files = (
			);
			inputPaths = (
			);
			name = "[CP] Check Pods Manifest.lock";
			outputPaths = (
			);
			runOnlyForDeploymentPostprocessing = 0;
			shellPath = /bin/sh;
			shellScript = "diff \"${PODS_ROOT}/../Podfile.lock\" \"${PODS_ROOT}/Manifest.lock\" > /dev/null\nif [ $? != 0 ] ; then\n    # print error to STDERR\n    echo \"error: The sandbox is not in sync with the Podfile.lock. Run 'pod install' or update your CocoaPods installation.\" >&2\n    exit 1\nfi\n";
			showEnvVarsInLog = 0;
		};
		494107EFFFDC54E9CDF9752C /* [CP] Check Pods Manifest.lock */ = {
			isa = PBXShellScriptBuildPhase;
			buildActionMask = 2147483647;
			files = (
			);
			inputPaths = (
			);
			name = "[CP] Check Pods Manifest.lock";
			outputPaths = (
			);
			runOnlyForDeploymentPostprocessing = 0;
			shellPath = /bin/sh;
			shellScript = "diff \"${PODS_ROOT}/../Podfile.lock\" \"${PODS_ROOT}/Manifest.lock\" > /dev/null\nif [ $? != 0 ] ; then\n    # print error to STDERR\n    echo \"error: The sandbox is not in sync with the Podfile.lock. Run 'pod install' or update your CocoaPods installation.\" >&2\n    exit 1\nfi\n";
			showEnvVarsInLog = 0;
		};
		83A149F1914889E279D6AC3C /* [CP] Check Pods Manifest.lock */ = {
			isa = PBXShellScriptBuildPhase;
			buildActionMask = 2147483647;
			files = (
			);
			inputPaths = (
			);
			name = "[CP] Check Pods Manifest.lock";
			outputPaths = (
			);
			runOnlyForDeploymentPostprocessing = 0;
			shellPath = /bin/sh;
			shellScript = "diff \"${PODS_ROOT}/../Podfile.lock\" \"${PODS_ROOT}/Manifest.lock\" > /dev/null\nif [ $? != 0 ] ; then\n    # print error to STDERR\n    echo \"error: The sandbox is not in sync with the Podfile.lock. Run 'pod install' or update your CocoaPods installation.\" >&2\n    exit 1\nfi\n";
			showEnvVarsInLog = 0;
		};
		AA00BCBB50E8F178680B891F /* [CP] Copy Pods Resources */ = {
			isa = PBXShellScriptBuildPhase;
			buildActionMask = 2147483647;
			files = (
			);
			inputPaths = (
			);
			name = "[CP] Copy Pods Resources";
			outputPaths = (
			);
			runOnlyForDeploymentPostprocessing = 0;
			shellPath = /bin/sh;
			shellScript = "\"${SRCROOT}/Pods/Target Support Files/Pods-Graffiti-GraffitiTests/Pods-Graffiti-GraffitiTests-resources.sh\"\n";
			showEnvVarsInLog = 0;
		};
		B4FB242B591D701F1B87DA5C /* [CP] Embed Pods Frameworks */ = {
			isa = PBXShellScriptBuildPhase;
			buildActionMask = 2147483647;
			files = (
			);
			inputPaths = (
			);
			name = "[CP] Embed Pods Frameworks";
			outputPaths = (
			);
			runOnlyForDeploymentPostprocessing = 0;
			shellPath = /bin/sh;
			shellScript = "\"${SRCROOT}/Pods/Target Support Files/Pods-GraffitiUITests/Pods-GraffitiUITests-frameworks.sh\"\n";
			showEnvVarsInLog = 0;
		};
		D8E0AC6DD773F09F12B05CCD /* [CP] Copy Pods Resources */ = {
			isa = PBXShellScriptBuildPhase;
			buildActionMask = 2147483647;
			files = (
			);
			inputPaths = (
			);
			name = "[CP] Copy Pods Resources";
			outputPaths = (
			);
			runOnlyForDeploymentPostprocessing = 0;
			shellPath = /bin/sh;
			shellScript = "\"${SRCROOT}/Pods/Target Support Files/Pods-Graffiti/Pods-Graffiti-resources.sh\"\n";
			showEnvVarsInLog = 0;
		};
		D8F68AB7D2A636B261D99798 /* [CP] Embed Pods Frameworks */ = {
			isa = PBXShellScriptBuildPhase;
			buildActionMask = 2147483647;
			files = (
			);
			inputPaths = (
			);
			name = "[CP] Embed Pods Frameworks";
			outputPaths = (
			);
			runOnlyForDeploymentPostprocessing = 0;
			shellPath = /bin/sh;
			shellScript = "\"${SRCROOT}/Pods/Target Support Files/Pods-Graffiti/Pods-Graffiti-frameworks.sh\"\n";
			showEnvVarsInLog = 0;
		};
		ECDADCA60AADECEF2671BE83 /* [CP] Copy Pods Resources */ = {
			isa = PBXShellScriptBuildPhase;
			buildActionMask = 2147483647;
			files = (
			);
			inputPaths = (
			);
			name = "[CP] Copy Pods Resources";
			outputPaths = (
			);
			runOnlyForDeploymentPostprocessing = 0;
			shellPath = /bin/sh;
			shellScript = "\"${SRCROOT}/Pods/Target Support Files/Pods-GraffitiUITests/Pods-GraffitiUITests-resources.sh\"\n";
			showEnvVarsInLog = 0;
		};
/* End PBXShellScriptBuildPhase section */

/* Begin PBXSourcesBuildPhase section */
		AD84BD291E4947330020505D /* Sources */ = {
			isa = PBXSourcesBuildPhase;
			buildActionMask = 2147483647;
			files = (
				AD84BD611E49496D0020505D /* TextPostViewController.swift in Sources */,
				F71622BC1E5F958E009A4662 /* PhotoPostViewController.swift in Sources */,
				D9B5FAEB1E54FF9300DF87B2 /* LocationTransform.swift in Sources */,
				4CA6EC841E5F6FC800865EC1 /* FXBlurView.m in Sources */,
				AD84BD631E4949860020505D /* ProfileViewController.swift in Sources */,
				D9141CA91E58E71C00FA04D0 /* AuthProtocol.swift in Sources */,
				B33B07D01E4ACA8F007025FB /* User.swift in Sources */,
				AD84BD5F1E4949260020505D /* FeedTableViewController.swift in Sources */,
				AD3E23451E5123A80022C882 /* FeedTableViewTextCell.swift in Sources */,
				D90D7A8C1E4E686700FB5AEE /* RequestProtocol.swift in Sources */,
				ADD7F76F1E551F8B009BADC1 /* EmptyFeedBackgroundView.swift in Sources */,
				F71622BA1E5F9578009A4662 /* PostViewController.swift in Sources */,
				D9DD58DF1E57A32600D9CB1D /* Vote.swift in Sources */,
				AD84BD731E494C320020505D /* LoginViewController.swift in Sources */,
				D9DD58E11E57AE3900D9CB1D /* UserTransform.swift in Sources */,
				B33B07CC1E4AB6D2007025FB /* Post.swift in Sources */,
				D9E63BA01E4D460900EE6C4B /* API.swift in Sources */,
				AD03CF781E4E4C91003D3682 /* LocationManagerProtocol.swift in Sources */,
				AD6935C21E552BFD00DE236C /* TimeAgo.swift in Sources */,
				AD87E4541E5BB152007B6E12 /* ProfileHeaderCell.swift in Sources */,
				AD03CF721E4D5AB2003D3682 /* LocationService.swift in Sources */,
				AD84BD311E4947330020505D /* AppDelegate.swift in Sources */,
				D9E63BA21E4D496E00EE6C4B /* ManagerProtocol.swift in Sources */,
			);
			runOnlyForDeploymentPostprocessing = 0;
		};
		AD84BD3D1E4947330020505D /* Sources */ = {
			isa = PBXSourcesBuildPhase;
			buildActionMask = 2147483647;
			files = (
				D90D7A8D1E4E6ACE00FB5AEE /* RequestProtocol.swift in Sources */,
				AD84BD7C1E4952CA0020505D /* ProfileViewControllerTests.swift in Sources */,
				AD84BD7E1E4952FB0020505D /* TextPostViewControllerTests.swift in Sources */,
				F744D4151E4E860400C42677 /* User.swift in Sources */,
				D90D7A8F1E4E6C5400FB5AEE /* MockRequest.swift in Sources */,
				D9B5FAEC1E552E2800DF87B2 /* LocationTransform.swift in Sources */,
				D99735A11E4E722F00DA5F29 /* ApiTests.swift in Sources */,
				D99735A21E4E722F00DA5F29 /* FeedViewControllerTests.swift in Sources */,
				D9E63BA51E4D555E00EE6C4B /* MockSessionManager.swift in Sources */,
				D9E63BA71E4D639100EE6C4B /* ManagerProtocol.swift in Sources */,
				AD03CF7B1E4E4F92003D3682 /* LocationServiceTests.swift in Sources */,
				AD03CF761E4E4BB7003D3682 /* MockLocationManager.swift in Sources */,
				AD03CF791E4E4C91003D3682 /* LocationManagerProtocol.swift in Sources */,
				D9141CAC1E58E7F800FA04D0 /* MockAuth.swift in Sources */,
				D9141CAA1E58E72200FA04D0 /* AuthProtocol.swift in Sources */,
				F744D4141E4E842600C42677 /* Post.swift in Sources */,
				AD03CF7C1E4E6430003D3682 /* LocationService.swift in Sources */,
				AD84BD761E4951D70020505D /* UserTests.swift in Sources */,
				D9141CA61E58E5B000FA04D0 /* Vote.swift in Sources */,
				D9141CA71E58E5B900FA04D0 /* UserTransform.swift in Sources */,
				B35620C31E4D396400F8CC9E /* PostTest.swift in Sources */,
				D9E63BA61E4D633A00EE6C4B /* API.swift in Sources */,
			);
			runOnlyForDeploymentPostprocessing = 0;
		};
		AD84BD481E4947330020505D /* Sources */ = {
			isa = PBXSourcesBuildPhase;
			buildActionMask = 2147483647;
			files = (
				AD84BD511E4947330020505D /* GraffitiUITests.swift in Sources */,
			);
			runOnlyForDeploymentPostprocessing = 0;
		};
/* End PBXSourcesBuildPhase section */

/* Begin PBXTargetDependency section */
		AD84BD431E4947330020505D /* PBXTargetDependency */ = {
			isa = PBXTargetDependency;
			target = AD84BD2C1E4947330020505D /* Graffiti */;
			targetProxy = AD84BD421E4947330020505D /* PBXContainerItemProxy */;
		};
		AD84BD4E1E4947330020505D /* PBXTargetDependency */ = {
			isa = PBXTargetDependency;
			target = AD84BD2C1E4947330020505D /* Graffiti */;
			targetProxy = AD84BD4D1E4947330020505D /* PBXContainerItemProxy */;
		};
/* End PBXTargetDependency section */

/* Begin PBXVariantGroup section */
		AD84BD341E4947330020505D /* Login.storyboard */ = {
			isa = PBXVariantGroup;
			children = (
				AD84BD351E4947330020505D /* Base */,
			);
			name = Login.storyboard;
			sourceTree = "<group>";
		};
		AD84BD391E4947330020505D /* LaunchScreen.storyboard */ = {
			isa = PBXVariantGroup;
			children = (
				AD84BD3A1E4947330020505D /* Base */,
			);
			name = LaunchScreen.storyboard;
			sourceTree = "<group>";
		};
		AD84BD641E494A020020505D /* TextPost.storyboard */ = {
			isa = PBXVariantGroup;
			children = (
				AD84BD651E494A020020505D /* Base */,
			);
			name = TextPost.storyboard;
			sourceTree = "<group>";
		};
		AD84BD6F1E494BD30020505D /* Main.storyboard */ = {
			isa = PBXVariantGroup;
			children = (
				AD84BD701E494BD30020505D /* Base */,
			);
			name = Main.storyboard;
			sourceTree = "<group>";
		};
/* End PBXVariantGroup section */

/* Begin XCBuildConfiguration section */
		AD84BD531E4947330020505D /* Debug */ = {
			isa = XCBuildConfiguration;
			buildSettings = {
				ALWAYS_SEARCH_USER_PATHS = NO;
				CLANG_ANALYZER_NONNULL = YES;
				CLANG_CXX_LANGUAGE_STANDARD = "gnu++0x";
				CLANG_CXX_LIBRARY = "libc++";
				CLANG_ENABLE_MODULES = YES;
				CLANG_ENABLE_OBJC_ARC = YES;
				CLANG_WARN_BOOL_CONVERSION = YES;
				CLANG_WARN_CONSTANT_CONVERSION = YES;
				CLANG_WARN_DIRECT_OBJC_ISA_USAGE = YES_ERROR;
				CLANG_WARN_DOCUMENTATION_COMMENTS = YES;
				CLANG_WARN_EMPTY_BODY = YES;
				CLANG_WARN_ENUM_CONVERSION = YES;
				CLANG_WARN_INFINITE_RECURSION = YES;
				CLANG_WARN_INT_CONVERSION = YES;
				CLANG_WARN_OBJC_ROOT_CLASS = YES_ERROR;
				CLANG_WARN_SUSPICIOUS_MOVE = YES;
				CLANG_WARN_UNREACHABLE_CODE = YES;
				CLANG_WARN__DUPLICATE_METHOD_MATCH = YES;
				"CODE_SIGN_IDENTITY[sdk=iphoneos*]" = "iPhone Developer";
				COPY_PHASE_STRIP = NO;
				DEBUG_INFORMATION_FORMAT = dwarf;
				ENABLE_STRICT_OBJC_MSGSEND = YES;
				ENABLE_TESTABILITY = YES;
				GCC_C_LANGUAGE_STANDARD = gnu99;
				GCC_DYNAMIC_NO_PIC = NO;
				GCC_NO_COMMON_BLOCKS = YES;
				GCC_OPTIMIZATION_LEVEL = 0;
				GCC_PREPROCESSOR_DEFINITIONS = (
					"DEBUG=1",
					"$(inherited)",
				);
				GCC_WARN_64_TO_32_BIT_CONVERSION = YES;
				GCC_WARN_ABOUT_RETURN_TYPE = YES_ERROR;
				GCC_WARN_UNDECLARED_SELECTOR = YES;
				GCC_WARN_UNINITIALIZED_AUTOS = YES_AGGRESSIVE;
				GCC_WARN_UNUSED_FUNCTION = YES;
				GCC_WARN_UNUSED_VARIABLE = YES;
				IPHONEOS_DEPLOYMENT_TARGET = 10.2;
				MTL_ENABLE_DEBUG_INFO = YES;
				ONLY_ACTIVE_ARCH = YES;
				SDKROOT = iphoneos;
				SWIFT_ACTIVE_COMPILATION_CONDITIONS = DEBUG;
				SWIFT_OPTIMIZATION_LEVEL = "-Onone";
			};
			name = Debug;
		};
		AD84BD541E4947330020505D /* Release */ = {
			isa = XCBuildConfiguration;
			buildSettings = {
				ALWAYS_SEARCH_USER_PATHS = NO;
				CLANG_ANALYZER_NONNULL = YES;
				CLANG_CXX_LANGUAGE_STANDARD = "gnu++0x";
				CLANG_CXX_LIBRARY = "libc++";
				CLANG_ENABLE_MODULES = YES;
				CLANG_ENABLE_OBJC_ARC = YES;
				CLANG_WARN_BOOL_CONVERSION = YES;
				CLANG_WARN_CONSTANT_CONVERSION = YES;
				CLANG_WARN_DIRECT_OBJC_ISA_USAGE = YES_ERROR;
				CLANG_WARN_DOCUMENTATION_COMMENTS = YES;
				CLANG_WARN_EMPTY_BODY = YES;
				CLANG_WARN_ENUM_CONVERSION = YES;
				CLANG_WARN_INFINITE_RECURSION = YES;
				CLANG_WARN_INT_CONVERSION = YES;
				CLANG_WARN_OBJC_ROOT_CLASS = YES_ERROR;
				CLANG_WARN_SUSPICIOUS_MOVE = YES;
				CLANG_WARN_UNREACHABLE_CODE = YES;
				CLANG_WARN__DUPLICATE_METHOD_MATCH = YES;
				"CODE_SIGN_IDENTITY[sdk=iphoneos*]" = "iPhone Developer";
				COPY_PHASE_STRIP = NO;
				DEBUG_INFORMATION_FORMAT = "dwarf-with-dsym";
				ENABLE_NS_ASSERTIONS = NO;
				ENABLE_STRICT_OBJC_MSGSEND = YES;
				GCC_C_LANGUAGE_STANDARD = gnu99;
				GCC_NO_COMMON_BLOCKS = YES;
				GCC_WARN_64_TO_32_BIT_CONVERSION = YES;
				GCC_WARN_ABOUT_RETURN_TYPE = YES_ERROR;
				GCC_WARN_UNDECLARED_SELECTOR = YES;
				GCC_WARN_UNINITIALIZED_AUTOS = YES_AGGRESSIVE;
				GCC_WARN_UNUSED_FUNCTION = YES;
				GCC_WARN_UNUSED_VARIABLE = YES;
				IPHONEOS_DEPLOYMENT_TARGET = 10.2;
				MTL_ENABLE_DEBUG_INFO = NO;
				SDKROOT = iphoneos;
				SWIFT_OPTIMIZATION_LEVEL = "-Owholemodule";
				VALIDATE_PRODUCT = YES;
			};
			name = Release;
		};
		AD84BD561E4947330020505D /* Debug */ = {
			isa = XCBuildConfiguration;
			baseConfigurationReference = 7A8D950DFCFCDB465E06D7E9 /* Pods-Graffiti.debug.xcconfig */;
			buildSettings = {
				ASSETCATALOG_COMPILER_APPICON_NAME = AppIcon;
				CLANG_ENABLE_MODULES = YES;
				DEVELOPMENT_TEAM = ME42ZMKGYY;
				ENABLE_BITCODE = NO;
				HEADER_SEARCH_PATHS = (
					"$(inherited)",
					"${PODS_ROOT}/Google/Headers",
					"$(inherited)",
					"\"${PODS_ROOT}/Headers/Public\"",
					"\"${PODS_ROOT}/Headers/Public/FirebaseAnalytics\"",
					"\"${PODS_ROOT}/Headers/Public/FirebaseCore\"",
					"\"${PODS_ROOT}/Headers/Public/FirebaseInstanceID\"",
					"\"${PODS_ROOT}/Headers/Public/Google\"",
					"\"${PODS_ROOT}/Headers/Public/GoogleAppUtilities\"",
					"\"${PODS_ROOT}/Headers/Public/GoogleInterchangeUtilities\"",
					"\"${PODS_ROOT}/Headers/Public/GoogleSignIn\"",
					"\"${PODS_ROOT}/Headers/Public/GoogleSymbolUtilities\"",
					"\"${PODS_ROOT}/Pods/Google\"/**",
					"$(SRCROOT)/Pods/**",
				);
				INFOPLIST_FILE = Graffiti/Info.plist;
				LD_RUNPATH_SEARCH_PATHS = "$(inherited) @executable_path/Frameworks";
				PRODUCT_BUNDLE_IDENTIFIER = graffiti.Graffiti;
				PRODUCT_NAME = "$(TARGET_NAME)";
				SWIFT_OBJC_BRIDGING_HEADER = "Graffiti/Graffiti-Bridging-Header.h";
				SWIFT_OPTIMIZATION_LEVEL = "-Onone";
				SWIFT_VERSION = 3.0;
			};
			name = Debug;
		};
		AD84BD571E4947330020505D /* Release */ = {
			isa = XCBuildConfiguration;
			baseConfigurationReference = 6672CC941A4504DECB751DAE /* Pods-Graffiti.release.xcconfig */;
			buildSettings = {
				ASSETCATALOG_COMPILER_APPICON_NAME = AppIcon;
				CLANG_ENABLE_MODULES = YES;
				DEVELOPMENT_TEAM = ME42ZMKGYY;
				ENABLE_BITCODE = NO;
				HEADER_SEARCH_PATHS = (
					"$(inherited)",
					"${PODS_ROOT}/Google/Headers",
					"$(inherited)",
					"\"${PODS_ROOT}/Headers/Public\"",
					"\"${PODS_ROOT}/Headers/Public/FirebaseAnalytics\"",
					"\"${PODS_ROOT}/Headers/Public/FirebaseCore\"",
					"\"${PODS_ROOT}/Headers/Public/FirebaseInstanceID\"",
					"\"${PODS_ROOT}/Headers/Public/Google\"",
					"\"${PODS_ROOT}/Headers/Public/GoogleAppUtilities\"",
					"\"${PODS_ROOT}/Headers/Public/GoogleInterchangeUtilities\"",
					"\"${PODS_ROOT}/Headers/Public/GoogleSignIn\"",
					"\"${PODS_ROOT}/Headers/Public/GoogleSymbolUtilities\"",
					"\"${PODS_ROOT}/Pods/Google\"/**",
					"$(SRCROOT)/Pods/**",
				);
				INFOPLIST_FILE = Graffiti/Info.plist;
				LD_RUNPATH_SEARCH_PATHS = "$(inherited) @executable_path/Frameworks";
				PRODUCT_BUNDLE_IDENTIFIER = graffiti.Graffiti;
				PRODUCT_NAME = "$(TARGET_NAME)";
				SWIFT_OBJC_BRIDGING_HEADER = "Graffiti/Graffiti-Bridging-Header.h";
				SWIFT_VERSION = 3.0;
			};
			name = Release;
		};
		AD84BD591E4947330020505D /* Debug */ = {
			isa = XCBuildConfiguration;
			baseConfigurationReference = BBE62083E99F119D724F35F1 /* Pods-Graffiti-GraffitiTests.debug.xcconfig */;
			buildSettings = {
				ALWAYS_EMBED_SWIFT_STANDARD_LIBRARIES = YES;
				BUNDLE_LOADER = "$(TEST_HOST)";
				CLANG_ENABLE_MODULES = YES;
				INFOPLIST_FILE = GraffitiTests/Info.plist;
				LD_RUNPATH_SEARCH_PATHS = "$(inherited) @executable_path/Frameworks @loader_path/Frameworks";
				PRODUCT_BUNDLE_IDENTIFIER = graffiti.GraffitiTests;
				PRODUCT_NAME = "$(TARGET_NAME)";
				SWIFT_OPTIMIZATION_LEVEL = "-Onone";
				SWIFT_VERSION = 3.0;
				TEST_HOST = "$(BUILT_PRODUCTS_DIR)/Graffiti.app/Graffiti";
			};
			name = Debug;
		};
		AD84BD5A1E4947330020505D /* Release */ = {
			isa = XCBuildConfiguration;
			baseConfigurationReference = C80D2887D5FB884EC3F7D8C2 /* Pods-Graffiti-GraffitiTests.release.xcconfig */;
			buildSettings = {
				ALWAYS_EMBED_SWIFT_STANDARD_LIBRARIES = YES;
				BUNDLE_LOADER = "$(TEST_HOST)";
				CLANG_ENABLE_MODULES = YES;
				INFOPLIST_FILE = GraffitiTests/Info.plist;
				LD_RUNPATH_SEARCH_PATHS = "$(inherited) @executable_path/Frameworks @loader_path/Frameworks";
				PRODUCT_BUNDLE_IDENTIFIER = graffiti.GraffitiTests;
				PRODUCT_NAME = "$(TARGET_NAME)";
				SWIFT_VERSION = 3.0;
				TEST_HOST = "$(BUILT_PRODUCTS_DIR)/Graffiti.app/Graffiti";
			};
			name = Release;
		};
		AD84BD5C1E4947330020505D /* Debug */ = {
			isa = XCBuildConfiguration;
			baseConfigurationReference = 8F280E8407B8FD52B58979CD /* Pods-GraffitiUITests.debug.xcconfig */;
			buildSettings = {
				ALWAYS_EMBED_SWIFT_STANDARD_LIBRARIES = YES;
				INFOPLIST_FILE = GraffitiUITests/Info.plist;
				LD_RUNPATH_SEARCH_PATHS = "$(inherited) @executable_path/Frameworks @loader_path/Frameworks";
				PRODUCT_BUNDLE_IDENTIFIER = graffiti.GraffitiUITests;
				PRODUCT_NAME = "$(TARGET_NAME)";
				SWIFT_VERSION = 3.0;
				TEST_TARGET_NAME = Graffiti;
			};
			name = Debug;
		};
		AD84BD5D1E4947330020505D /* Release */ = {
			isa = XCBuildConfiguration;
			baseConfigurationReference = ADA147E95DA84165A40FB7DE /* Pods-GraffitiUITests.release.xcconfig */;
			buildSettings = {
				ALWAYS_EMBED_SWIFT_STANDARD_LIBRARIES = YES;
				INFOPLIST_FILE = GraffitiUITests/Info.plist;
				LD_RUNPATH_SEARCH_PATHS = "$(inherited) @executable_path/Frameworks @loader_path/Frameworks";
				PRODUCT_BUNDLE_IDENTIFIER = graffiti.GraffitiUITests;
				PRODUCT_NAME = "$(TARGET_NAME)";
				SWIFT_VERSION = 3.0;
				TEST_TARGET_NAME = Graffiti;
			};
			name = Release;
		};
/* End XCBuildConfiguration section */

/* Begin XCConfigurationList section */
		AD84BD281E4947330020505D /* Build configuration list for PBXProject "Graffiti" */ = {
			isa = XCConfigurationList;
			buildConfigurations = (
				AD84BD531E4947330020505D /* Debug */,
				AD84BD541E4947330020505D /* Release */,
			);
			defaultConfigurationIsVisible = 0;
			defaultConfigurationName = Release;
		};
		AD84BD551E4947330020505D /* Build configuration list for PBXNativeTarget "Graffiti" */ = {
			isa = XCConfigurationList;
			buildConfigurations = (
				AD84BD561E4947330020505D /* Debug */,
				AD84BD571E4947330020505D /* Release */,
			);
			defaultConfigurationIsVisible = 0;
			defaultConfigurationName = Release;
		};
		AD84BD581E4947330020505D /* Build configuration list for PBXNativeTarget "GraffitiTests" */ = {
			isa = XCConfigurationList;
			buildConfigurations = (
				AD84BD591E4947330020505D /* Debug */,
				AD84BD5A1E4947330020505D /* Release */,
			);
			defaultConfigurationIsVisible = 0;
			defaultConfigurationName = Release;
		};
		AD84BD5B1E4947330020505D /* Build configuration list for PBXNativeTarget "GraffitiUITests" */ = {
			isa = XCConfigurationList;
			buildConfigurations = (
				AD84BD5C1E4947330020505D /* Debug */,
				AD84BD5D1E4947330020505D /* Release */,
			);
			defaultConfigurationIsVisible = 0;
			defaultConfigurationName = Release;
		};
/* End XCConfigurationList section */
	};
	rootObject = AD84BD251E4947330020505D /* Project object */;
}
